
Microsoft Visual Studio Solution File, Format Version 12.00
# Visual Studio Version 17
VisualStudioVersion = 17.7.34031.279
MinimumVisualStudioVersion = 10.0.40219.1
Project("{9A19103F-16F7-4668-BE54-9A1E7A4F7556}") = "Agenda", "Agenda.csproj", "{BC00101A-1D17-4B93-8063-4AF6E44F4DDA}"
EndProject
Global
	GlobalSection(SolutionConfigurationPlatforms) = preSolution
		Debug|Any CPU = Debug|Any CPU
		Release|Any CPU = Release|Any CPU
	EndGlobalSection
	GlobalSection(ProjectConfigurationPlatforms) = postSolution
		{BC00101A-1D17-4B93-8063-4AF6E44F4DDA}.Debug|Any CPU.ActiveCfg = Debug|Any CPU
		{BC00101A-1D17-4B93-8063-4AF6E44F4DDA}.Debug|Any CPU.Build.0 = Debug|Any CPU
		{BC00101A-1D17-4B93-8063-4AF6E44F4DDA}.Release|Any CPU.ActiveCfg = Release|Any CPU
		{BC00101A-1D17-4B93-8063-4AF6E44F4DDA}.Release|Any CPU.Build.0 = Release|Any CPU
	EndGlobalSection
	GlobalSection(SolutionProperties) = preSolution
		HideSolutionNode = FALSE
	EndGlobalSection
	GlobalSection(ExtensibilityGlobals) = postSolution
		SolutionGuid = {5120E4A9-4DA9-4336-83EE-439440A7981D}
	EndGlobalSection
EndGlobal
